
Microsoft Visual Studio Solution File, Format Version 12.00
# Visual Studio 14
VisualStudioVersion = 14.0.25123.0
MinimumVisualStudioVersion = 10.0.40219.1
Project("{8BC9CEB8-8B4A-11D0-8D11-00A0C91BC942}") = "OpenSprinkler_Arduino_W5100", "OpenSprinkler_Arduino_W5100.vcxproj", "{EF04BDF0-F67B-4C97-83C0-57BFAF0D3083}"
EndProject
Project("{8BC9CEB8-8B4A-11D0-8D11-00A0C91BC942}") = "Prova_SPIFFS", "..\..\..\Prova_SPIFFS\Prova_SPIFFS.vcxproj", "{782D01A5-2D0E-488D-A6E6-0B762F12EE7F}"
EndProject
Project("{8BC9CEB8-8B4A-11D0-8D11-00A0C91BC942}") = "SPIFFserver", "..\..\..\SPIFFserver\SPIFFserver.vcxproj", "{2EF96108-4AF8-4DC8-B168-A68645F79FEB}"
EndProject
Project("{8BC9CEB8-8B4A-11D0-8D11-00A0C91BC942}") = "TimeNTP_ESP8266WiFi.ino", "..\..\..\TimeNTP_ESP8266WiFi\TimeNTP_ESP8266WiFi.ino\TimeNTP_ESP8266WiFi.ino.vcxproj", "{16414A68-EC89-4EC1-BBA9-754B13AC2141}"
EndProject
Project("{8BC9CEB8-8B4A-11D0-8D11-00A0C91BC942}") = "PCF8574", "..\..\..\PCF8574\PCF8574.vcxproj", "{B45E5FCF-7BBE-4DF1-831E-4CB5F0647456}"
EndProject
Project("{8BC9CEB8-8B4A-11D0-8D11-00A0C91BC942}") = "I2C_SCANNER", "..\..\..\I2C_SCANNER\I2C_SCANNER.vcxproj", "{3405235A-0955-4A09-9918-EC3E1C2610AD}"
EndProject
Project("{8BC9CEB8-8B4A-11D0-8D11-00A0C91BC942}") = "ButtonBlink", "..\..\..\libraries\PCF8574\examples\ButtonBlink\ButtonBlink.vcxproj", "{D95E1541-30A7-4658-A29A-B1586AADF3A3}"
EndProject
Project("{8BC9CEB8-8B4A-11D0-8D11-00A0C91BC942}") = "provaEEPROM", "..\..\..\provaEEPROM\provaEEPROM.vcxproj", "{08F3E33B-FAEC-4B08-BBEF-6700F35190EA}"
EndProject
Project("{8BC9CEB8-8B4A-11D0-8D11-00A0C91BC942}") = "json_parse_program", "..\json_parse_program\json_parse_program.vcxproj", "{533A58EF-90B8-4BF8-AB24-E116E5D1CA18}"
EndProject
Project("{8BC9CEB8-8B4A-11D0-8D11-00A0C91BC942}") = "JsonParserExamplemio", "..\..\..\JsonParserExamplemio\JsonParserExamplemio.vcxproj", "{25954E5D-B17B-41BC-922E-DE9876A5974D}"
EndProject
Project("{8BC9CEB8-8B4A-11D0-8D11-00A0C91BC942}") = "EElogger", "..\..\..\EE\EElogger_9_1_ESP\EElogger_9_1_ESP_1.ino\EElogger\EElogger.vcxproj", "{EAA9F74F-92F6-4C1F-9664-D90617B45C11}"
EndProject
Project("{8BC9CEB8-8B4A-11D0-8D11-00A0C91BC942}") = "EElogger_9_1_ESP_1.ino", "..\..\..\EE\EElogger_9_1_ESP\EElogger_9_1_ESP_1.ino\EElogger_9_1_ESP_1.ino.vcxproj", "{8C093B33-CC7A-4CB2-9B2B-4ABDE1BA369A}"
EndProject
Project("{8BC9CEB8-8B4A-11D0-8D11-00A0C91BC942}") = "EElogger_9_1_ESP_2.ino", "..\..\..\EE\EElogger_9_1_ESP_2.ino\EElogger_9_1_ESP_2.ino.vcxproj", "{27D4F978-090C-487C-92EF-9F38B8C262CC}"
EndProject
Project("{8BC9CEB8-8B4A-11D0-8D11-00A0C91BC942}") = "XPTPaint", "..\..\..\XPTPaint\XPTPaint.vcxproj", "{3287FA64-C8D8-4C31-ACEC-E7D26D4208A3}"
EndProject
Project("{8BC9CEB8-8B4A-11D0-8D11-00A0C91BC942}") = "UTFT_demo_fast", "..\..\..\UTFT_demo_fast\UTFT_demo_fast.vcxproj", "{234A8CA7-F21F-49C2-902D-7EFB516E9321}"
EndProject
Project("{8BC9CEB8-8B4A-11D0-8D11-00A0C91BC942}") = "TFT_Terminal", "..\..\..\TFT_Terminal\TFT_Terminal.vcxproj", "{1158F8EA-38E9-4483-88D1-A194F75D4F06}"
EndProject
Project("{8BC9CEB8-8B4A-11D0-8D11-00A0C91BC942}") = "Sketch1", "..\Sketch1\Sketch1.vcxproj", "{37A1B96F-3C60-4525-B90E-11EB5FDC1FB5}"
EndProject
Project("{8BC9CEB8-8B4A-11D0-8D11-00A0C91BC942}") = "datecalc", "..\..\..\libraries\RTClib-master\examples\datecalc\datecalc.vcxproj", "{6D896C43-81C3-43AA-B9C1-FEB4E60A1ACE}"
EndProject
Project("{8BC9CEB8-8B4A-11D0-8D11-00A0C91BC942}") = "SensorServer", "..\..\..\SensorServer\SensorServer.vcxproj", "{F5D70E46-38F5-486E-9770-48C9D938E414}"
EndProject
Project("{8BC9CEB8-8B4A-11D0-8D11-00A0C91BC942}") = "DS18x20_Temperature", "..\..\..\libraries\OneWire\examples\DS18x20_Temperature\DS18x20_Temperature.vcxproj", "{6D3FDA7B-228B-4E2A-A46A-40EDCA1ECC7F}"
EndProject
Project("{8BC9CEB8-8B4A-11D0-8D11-00A0C91BC942}") = "Serial", "..\..\..\libraries\Arduino-DHT22-master\examples\Serial\Serial.vcxproj", "{C6385B75-97A3-4D83-A751-07EF413EE1D5}"
EndProject
Project("{8BC9CEB8-8B4A-11D0-8D11-00A0C91BC942}") = "NewPingExample", "..\..\..\libraries\NewPing\examples\NewPingExample\NewPingExample.vcxproj", "{20D860F8-5B19-42A2-A56A-E8E1F68CE1D6}"
EndProject
Project("{8BC9CEB8-8B4A-11D0-8D11-00A0C91BC942}") = "bitlashdemo", "..\..\..\libraries\bitlash-master\examples\bitlashdemo\bitlashdemo.vcxproj", "{93BD22DC-59B9-46EA-B68A-C8D02605677C}"
EndProject
Project("{8BC9CEB8-8B4A-11D0-8D11-00A0C91BC942}") = "Multiple", "..\..\..\libraries\DallasTemperature\examples\Multiple\Multiple.vcxproj", "{7BA943F0-6B16-4D8B-B6BD-290272C44DAF}"
EndProject
Project("{8BC9CEB8-8B4A-11D0-8D11-00A0C91BC942}") = "Progetto1", "..\Progetto1\Progetto1.vcxproj", "{3002EF19-8FD1-4552-B8E1-F94D7E4C3827}"
EndProject
Project("{8BC9CEB8-8B4A-11D0-8D11-00A0C91BC942}") = "FTPServerSample", "..\..\..\FTPServerSample\FTPServerSample.vcxproj", "{C5F80730-F44F-4478-BDAE-6634EFC2CA88}"
EndProject
Project("{8BC9CEB8-8B4A-11D0-8D11-00A0C91BC942}") = "SMTPGO_example", "..\..\..\SMTPGO_example\SMTPGO_example.vcxproj", "{54F8EC25-4568-433F-B039-BDA750E4F0C4}"
EndProject
Project("{8BC9CEB8-8B4A-11D0-8D11-00A0C91BC942}") = "bitlashMio", "..\..\..\bitlashMio\bitlashMio.vcxproj", "{0E50F26C-CA90-4021-A311-1E91D848AF80}"
EndProject
Global
	GlobalSection(SolutionConfigurationPlatforms) = preSolution
		Debug|x64 = Debug|x64
		Debug|x86 = Debug|x86
		Release|x64 = Release|x64
		Release|x86 = Release|x86
	EndGlobalSection
	GlobalSection(ProjectConfigurationPlatforms) = postSolution
		{EF04BDF0-F67B-4C97-83C0-57BFAF0D3083}.Debug|x64.ActiveCfg = Debug|x64
		{EF04BDF0-F67B-4C97-83C0-57BFAF0D3083}.Debug|x64.Build.0 = Debug|x64
		{EF04BDF0-F67B-4C97-83C0-57BFAF0D3083}.Debug|x86.ActiveCfg = Debug|Win32
		{EF04BDF0-F67B-4C97-83C0-57BFAF0D3083}.Debug|x86.Build.0 = Debug|Win32
		{EF04BDF0-F67B-4C97-83C0-57BFAF0D3083}.Release|x64.ActiveCfg = Release|x64
		{EF04BDF0-F67B-4C97-83C0-57BFAF0D3083}.Release|x64.Build.0 = Release|x64
		{EF04BDF0-F67B-4C97-83C0-57BFAF0D3083}.Release|x86.ActiveCfg = Release|Win32
		{EF04BDF0-F67B-4C97-83C0-57BFAF0D3083}.Release|x86.Build.0 = Release|Win32
		{782D01A5-2D0E-488D-A6E6-0B762F12EE7F}.Debug|x64.ActiveCfg = Debug|x64
		{782D01A5-2D0E-488D-A6E6-0B762F12EE7F}.Debug|x64.Build.0 = Debug|x64
		{782D01A5-2D0E-488D-A6E6-0B762F12EE7F}.Debug|x86.ActiveCfg = Debug|Win32
		{782D01A5-2D0E-488D-A6E6-0B762F12EE7F}.Debug|x86.Build.0 = Debug|Win32
		{782D01A5-2D0E-488D-A6E6-0B762F12EE7F}.Release|x64.ActiveCfg = Release|x64
		{782D01A5-2D0E-488D-A6E6-0B762F12EE7F}.Release|x64.Build.0 = Release|x64
		{782D01A5-2D0E-488D-A6E6-0B762F12EE7F}.Release|x86.ActiveCfg = Release|Win32
		{782D01A5-2D0E-488D-A6E6-0B762F12EE7F}.Release|x86.Build.0 = Release|Win32
		{2EF96108-4AF8-4DC8-B168-A68645F79FEB}.Debug|x64.ActiveCfg = Debug|x64
		{2EF96108-4AF8-4DC8-B168-A68645F79FEB}.Debug|x64.Build.0 = Debug|x64
		{2EF96108-4AF8-4DC8-B168-A68645F79FEB}.Debug|x86.ActiveCfg = Debug|Win32
		{2EF96108-4AF8-4DC8-B168-A68645F79FEB}.Debug|x86.Build.0 = Debug|Win32
		{2EF96108-4AF8-4DC8-B168-A68645F79FEB}.Release|x64.ActiveCfg = Release|x64
		{2EF96108-4AF8-4DC8-B168-A68645F79FEB}.Release|x64.Build.0 = Release|x64
		{2EF96108-4AF8-4DC8-B168-A68645F79FEB}.Release|x86.ActiveCfg = Release|Win32
		{2EF96108-4AF8-4DC8-B168-A68645F79FEB}.Release|x86.Build.0 = Release|Win32
		{16414A68-EC89-4EC1-BBA9-754B13AC2141}.Debug|x64.ActiveCfg = Debug|x64
		{16414A68-EC89-4EC1-BBA9-754B13AC2141}.Debug|x64.Build.0 = Debug|x64
		{16414A68-EC89-4EC1-BBA9-754B13AC2141}.Debug|x86.ActiveCfg = Debug|Win32
		{16414A68-EC89-4EC1-BBA9-754B13AC2141}.Debug|x86.Build.0 = Debug|Win32
		{16414A68-EC89-4EC1-BBA9-754B13AC2141}.Release|x64.ActiveCfg = Release|x64
		{16414A68-EC89-4EC1-BBA9-754B13AC2141}.Release|x64.Build.0 = Release|x64
		{16414A68-EC89-4EC1-BBA9-754B13AC2141}.Release|x86.ActiveCfg = Release|Win32
		{16414A68-EC89-4EC1-BBA9-754B13AC2141}.Release|x86.Build.0 = Release|Win32
		{B45E5FCF-7BBE-4DF1-831E-4CB5F0647456}.Debug|x64.ActiveCfg = Debug|x64
		{B45E5FCF-7BBE-4DF1-831E-4CB5F0647456}.Debug|x64.Build.0 = Debug|x64
		{B45E5FCF-7BBE-4DF1-831E-4CB5F0647456}.Debug|x86.ActiveCfg = Debug|Win32
		{B45E5FCF-7BBE-4DF1-831E-4CB5F0647456}.Debug|x86.Build.0 = Debug|Win32
		{B45E5FCF-7BBE-4DF1-831E-4CB5F0647456}.Release|x64.ActiveCfg = Release|x64
		{B45E5FCF-7BBE-4DF1-831E-4CB5F0647456}.Release|x64.Build.0 = Release|x64
		{B45E5FCF-7BBE-4DF1-831E-4CB5F0647456}.Release|x86.ActiveCfg = Release|Win32
		{B45E5FCF-7BBE-4DF1-831E-4CB5F0647456}.Release|x86.Build.0 = Release|Win32
		{3405235A-0955-4A09-9918-EC3E1C2610AD}.Debug|x64.ActiveCfg = Debug|x64
		{3405235A-0955-4A09-9918-EC3E1C2610AD}.Debug|x64.Build.0 = Debug|x64
		{3405235A-0955-4A09-9918-EC3E1C2610AD}.Debug|x86.ActiveCfg = Debug|Win32
		{3405235A-0955-4A09-9918-EC3E1C2610AD}.Debug|x86.Build.0 = Debug|Win32
		{3405235A-0955-4A09-9918-EC3E1C2610AD}.Release|x64.ActiveCfg = Release|x64
		{3405235A-0955-4A09-9918-EC3E1C2610AD}.Release|x64.Build.0 = Release|x64
		{3405235A-0955-4A09-9918-EC3E1C2610AD}.Release|x86.ActiveCfg = Release|Win32
		{3405235A-0955-4A09-9918-EC3E1C2610AD}.Release|x86.Build.0 = Release|Win32
		{D95E1541-30A7-4658-A29A-B1586AADF3A3}.Debug|x64.ActiveCfg = Debug|x64
		{D95E1541-30A7-4658-A29A-B1586AADF3A3}.Debug|x64.Build.0 = Debug|x64
		{D95E1541-30A7-4658-A29A-B1586AADF3A3}.Debug|x86.ActiveCfg = Debug|Win32
		{D95E1541-30A7-4658-A29A-B1586AADF3A3}.Debug|x86.Build.0 = Debug|Win32
		{D95E1541-30A7-4658-A29A-B1586AADF3A3}.Release|x64.ActiveCfg = Release|x64
		{D95E1541-30A7-4658-A29A-B1586AADF3A3}.Release|x64.Build.0 = Release|x64
		{D95E1541-30A7-4658-A29A-B1586AADF3A3}.Release|x86.ActiveCfg = Release|Win32
		{D95E1541-30A7-4658-A29A-B1586AADF3A3}.Release|x86.Build.0 = Release|Win32
		{08F3E33B-FAEC-4B08-BBEF-6700F35190EA}.Debug|x64.ActiveCfg = Debug|x64
		{08F3E33B-FAEC-4B08-BBEF-6700F35190EA}.Debug|x64.Build.0 = Debug|x64
		{08F3E33B-FAEC-4B08-BBEF-6700F35190EA}.Debug|x86.ActiveCfg = Debug|Win32
		{08F3E33B-FAEC-4B08-BBEF-6700F35190EA}.Debug|x86.Build.0 = Debug|Win32
		{08F3E33B-FAEC-4B08-BBEF-6700F35190EA}.Release|x64.ActiveCfg = Release|x64
		{08F3E33B-FAEC-4B08-BBEF-6700F35190EA}.Release|x64.Build.0 = Release|x64
		{08F3E33B-FAEC-4B08-BBEF-6700F35190EA}.Release|x86.ActiveCfg = Release|Win32
		{08F3E33B-FAEC-4B08-BBEF-6700F35190EA}.Release|x86.Build.0 = Release|Win32
		{533A58EF-90B8-4BF8-AB24-E116E5D1CA18}.Debug|x64.ActiveCfg = Debug|x64
		{533A58EF-90B8-4BF8-AB24-E116E5D1CA18}.Debug|x64.Build.0 = Debug|x64
		{533A58EF-90B8-4BF8-AB24-E116E5D1CA18}.Debug|x86.ActiveCfg = Debug|Win32
		{533A58EF-90B8-4BF8-AB24-E116E5D1CA18}.Debug|x86.Build.0 = Debug|Win32
		{533A58EF-90B8-4BF8-AB24-E116E5D1CA18}.Release|x64.ActiveCfg = Release|x64
		{533A58EF-90B8-4BF8-AB24-E116E5D1CA18}.Release|x64.Build.0 = Release|x64
		{533A58EF-90B8-4BF8-AB24-E116E5D1CA18}.Release|x86.ActiveCfg = Release|Win32
		{533A58EF-90B8-4BF8-AB24-E116E5D1CA18}.Release|x86.Build.0 = Release|Win32
		{25954E5D-B17B-41BC-922E-DE9876A5974D}.Debug|x64.ActiveCfg = Debug|x64
		{25954E5D-B17B-41BC-922E-DE9876A5974D}.Debug|x64.Build.0 = Debug|x64
		{25954E5D-B17B-41BC-922E-DE9876A5974D}.Debug|x86.ActiveCfg = Debug|Win32
		{25954E5D-B17B-41BC-922E-DE9876A5974D}.Debug|x86.Build.0 = Debug|Win32
		{25954E5D-B17B-41BC-922E-DE9876A5974D}.Release|x64.ActiveCfg = Release|x64
		{25954E5D-B17B-41BC-922E-DE9876A5974D}.Release|x64.Build.0 = Release|x64
		{25954E5D-B17B-41BC-922E-DE9876A5974D}.Release|x86.ActiveCfg = Release|Win32
		{25954E5D-B17B-41BC-922E-DE9876A5974D}.Release|x86.Build.0 = Release|Win32
		{EAA9F74F-92F6-4C1F-9664-D90617B45C11}.Debug|x64.ActiveCfg = Debug|Win32
		{EAA9F74F-92F6-4C1F-9664-D90617B45C11}.Debug|x86.ActiveCfg = Debug|Win32
		{EAA9F74F-92F6-4C1F-9664-D90617B45C11}.Debug|x86.Build.0 = Debug|Win32
		{EAA9F74F-92F6-4C1F-9664-D90617B45C11}.Release|x64.ActiveCfg = Release|Win32
		{EAA9F74F-92F6-4C1F-9664-D90617B45C11}.Release|x86.ActiveCfg = Release|Win32
		{EAA9F74F-92F6-4C1F-9664-D90617B45C11}.Release|x86.Build.0 = Release|Win32
		{8C093B33-CC7A-4CB2-9B2B-4ABDE1BA369A}.Debug|x64.ActiveCfg = Debug|x64
		{8C093B33-CC7A-4CB2-9B2B-4ABDE1BA369A}.Debug|x64.Build.0 = Debug|x64
		{8C093B33-CC7A-4CB2-9B2B-4ABDE1BA369A}.Debug|x86.ActiveCfg = Debug|Win32
		{8C093B33-CC7A-4CB2-9B2B-4ABDE1BA369A}.Debug|x86.Build.0 = Debug|Win32
		{8C093B33-CC7A-4CB2-9B2B-4ABDE1BA369A}.Release|x64.ActiveCfg = Release|x64
		{8C093B33-CC7A-4CB2-9B2B-4ABDE1BA369A}.Release|x64.Build.0 = Release|x64
		{8C093B33-CC7A-4CB2-9B2B-4ABDE1BA369A}.Release|x86.ActiveCfg = Release|Win32
		{8C093B33-CC7A-4CB2-9B2B-4ABDE1BA369A}.Release|x86.Build.0 = Release|Win32
		{27D4F978-090C-487C-92EF-9F38B8C262CC}.Debug|x64.ActiveCfg = Debug|x64
		{27D4F978-090C-487C-92EF-9F38B8C262CC}.Debug|x64.Build.0 = Debug|x64
		{27D4F978-090C-487C-92EF-9F38B8C262CC}.Debug|x86.ActiveCfg = Debug|Win32
		{27D4F978-090C-487C-92EF-9F38B8C262CC}.Debug|x86.Build.0 = Debug|Win32
		{27D4F978-090C-487C-92EF-9F38B8C262CC}.Release|x64.ActiveCfg = Release|x64
		{27D4F978-090C-487C-92EF-9F38B8C262CC}.Release|x64.Build.0 = Release|x64
		{27D4F978-090C-487C-92EF-9F38B8C262CC}.Release|x86.ActiveCfg = Release|Win32
		{27D4F978-090C-487C-92EF-9F38B8C262CC}.Release|x86.Build.0 = Release|Win32
		{3287FA64-C8D8-4C31-ACEC-E7D26D4208A3}.Debug|x64.ActiveCfg = Debug|x64
		{3287FA64-C8D8-4C31-ACEC-E7D26D4208A3}.Debug|x64.Build.0 = Debug|x64
		{3287FA64-C8D8-4C31-ACEC-E7D26D4208A3}.Debug|x86.ActiveCfg = Debug|Win32
		{3287FA64-C8D8-4C31-ACEC-E7D26D4208A3}.Debug|x86.Build.0 = Debug|Win32
		{3287FA64-C8D8-4C31-ACEC-E7D26D4208A3}.Release|x64.ActiveCfg = Release|x64
		{3287FA64-C8D8-4C31-ACEC-E7D26D4208A3}.Release|x64.Build.0 = Release|x64
		{3287FA64-C8D8-4C31-ACEC-E7D26D4208A3}.Release|x86.ActiveCfg = Release|Win32
		{3287FA64-C8D8-4C31-ACEC-E7D26D4208A3}.Release|x86.Build.0 = Release|Win32
		{234A8CA7-F21F-49C2-902D-7EFB516E9321}.Debug|x64.ActiveCfg = Debug|x64
		{234A8CA7-F21F-49C2-902D-7EFB516E9321}.Debug|x64.Build.0 = Debug|x64
		{234A8CA7-F21F-49C2-902D-7EFB516E9321}.Debug|x86.ActiveCfg = Debug|Win32
		{234A8CA7-F21F-49C2-902D-7EFB516E9321}.Debug|x86.Build.0 = Debug|Win32
		{234A8CA7-F21F-49C2-902D-7EFB516E9321}.Release|x64.ActiveCfg = Release|x64
		{234A8CA7-F21F-49C2-902D-7EFB516E9321}.Release|x64.Build.0 = Release|x64
		{234A8CA7-F21F-49C2-902D-7EFB516E9321}.Release|x86.ActiveCfg = Release|Win32
		{234A8CA7-F21F-49C2-902D-7EFB516E9321}.Release|x86.Build.0 = Release|Win32
		{1158F8EA-38E9-4483-88D1-A194F75D4F06}.Debug|x64.ActiveCfg = Debug|x64
		{1158F8EA-38E9-4483-88D1-A194F75D4F06}.Debug|x64.Build.0 = Debug|x64
		{1158F8EA-38E9-4483-88D1-A194F75D4F06}.Debug|x86.ActiveCfg = Debug|Win32
		{1158F8EA-38E9-4483-88D1-A194F75D4F06}.Debug|x86.Build.0 = Debug|Win32
		{1158F8EA-38E9-4483-88D1-A194F75D4F06}.Release|x64.ActiveCfg = Release|x64
		{1158F8EA-38E9-4483-88D1-A194F75D4F06}.Release|x64.Build.0 = Release|x64
		{1158F8EA-38E9-4483-88D1-A194F75D4F06}.Release|x86.ActiveCfg = Release|Win32
		{1158F8EA-38E9-4483-88D1-A194F75D4F06}.Release|x86.Build.0 = Release|Win32
		{37A1B96F-3C60-4525-B90E-11EB5FDC1FB5}.Debug|x64.ActiveCfg = Debug|Win32
		{37A1B96F-3C60-4525-B90E-11EB5FDC1FB5}.Debug|x86.ActiveCfg = Debug|Win32
		{37A1B96F-3C60-4525-B90E-11EB5FDC1FB5}.Debug|x86.Build.0 = Debug|Win32
		{37A1B96F-3C60-4525-B90E-11EB5FDC1FB5}.Release|x64.ActiveCfg = Release|Win32
		{37A1B96F-3C60-4525-B90E-11EB5FDC1FB5}.Release|x86.ActiveCfg = Release|Win32
		{37A1B96F-3C60-4525-B90E-11EB5FDC1FB5}.Release|x86.Build.0 = Release|Win32
		{6D896C43-81C3-43AA-B9C1-FEB4E60A1ACE}.Debug|x64.ActiveCfg = Debug|x64
		{6D896C43-81C3-43AA-B9C1-FEB4E60A1ACE}.Debug|x64.Build.0 = Debug|x64
		{6D896C43-81C3-43AA-B9C1-FEB4E60A1ACE}.Debug|x86.ActiveCfg = Debug|Win32
		{6D896C43-81C3-43AA-B9C1-FEB4E60A1ACE}.Debug|x86.Build.0 = Debug|Win32
		{6D896C43-81C3-43AA-B9C1-FEB4E60A1ACE}.Release|x64.ActiveCfg = Release|x64
		{6D896C43-81C3-43AA-B9C1-FEB4E60A1ACE}.Release|x64.Build.0 = Release|x64
		{6D896C43-81C3-43AA-B9C1-FEB4E60A1ACE}.Release|x86.ActiveCfg = Release|Win32
		{6D896C43-81C3-43AA-B9C1-FEB4E60A1ACE}.Release|x86.Build.0 = Release|Win32
		{F5D70E46-38F5-486E-9770-48C9D938E414}.Debug|x64.ActiveCfg = Debug|Win32
		{F5D70E46-38F5-486E-9770-48C9D938E414}.Debug|x86.ActiveCfg = Debug|Win32
		{F5D70E46-38F5-486E-9770-48C9D938E414}.Debug|x86.Build.0 = Debug|Win32
		{F5D70E46-38F5-486E-9770-48C9D938E414}.Release|x64.ActiveCfg = Release|Win32
		{F5D70E46-38F5-486E-9770-48C9D938E414}.Release|x86.ActiveCfg = Release|Win32
		{F5D70E46-38F5-486E-9770-48C9D938E414}.Release|x86.Build.0 = Release|Win32
		{6D3FDA7B-228B-4E2A-A46A-40EDCA1ECC7F}.Debug|x64.ActiveCfg = Debug|x64
		{6D3FDA7B-228B-4E2A-A46A-40EDCA1ECC7F}.Debug|x64.Build.0 = Debug|x64
		{6D3FDA7B-228B-4E2A-A46A-40EDCA1ECC7F}.Debug|x86.ActiveCfg = Debug|Win32
		{6D3FDA7B-228B-4E2A-A46A-40EDCA1ECC7F}.Debug|x86.Build.0 = Debug|Win32
		{6D3FDA7B-228B-4E2A-A46A-40EDCA1ECC7F}.Release|x64.ActiveCfg = Release|x64
		{6D3FDA7B-228B-4E2A-A46A-40EDCA1ECC7F}.Release|x64.Build.0 = Release|x64
		{6D3FDA7B-228B-4E2A-A46A-40EDCA1ECC7F}.Release|x86.ActiveCfg = Release|Win32
		{6D3FDA7B-228B-4E2A-A46A-40EDCA1ECC7F}.Release|x86.Build.0 = Release|Win32
		{C6385B75-97A3-4D83-A751-07EF413EE1D5}.Debug|x64.ActiveCfg = Debug|x64
		{C6385B75-97A3-4D83-A751-07EF413EE1D5}.Debug|x64.Build.0 = Debug|x64
		{C6385B75-97A3-4D83-A751-07EF413EE1D5}.Debug|x86.ActiveCfg = Debug|Win32
		{C6385B75-97A3-4D83-A751-07EF413EE1D5}.Debug|x86.Build.0 = Debug|Win32
		{C6385B75-97A3-4D83-A751-07EF413EE1D5}.Release|x64.ActiveCfg = Release|x64
		{C6385B75-97A3-4D83-A751-07EF413EE1D5}.Release|x64.Build.0 = Release|x64
		{C6385B75-97A3-4D83-A751-07EF413EE1D5}.Release|x86.ActiveCfg = Release|Win32
		{C6385B75-97A3-4D83-A751-07EF413EE1D5}.Release|x86.Build.0 = Release|Win32
		{20D860F8-5B19-42A2-A56A-E8E1F68CE1D6}.Debug|x64.ActiveCfg = Debug|x64
		{20D860F8-5B19-42A2-A56A-E8E1F68CE1D6}.Debug|x64.Build.0 = Debug|x64
		{20D860F8-5B19-42A2-A56A-E8E1F68CE1D6}.Debug|x86.ActiveCfg = Debug|Win32
		{20D860F8-5B19-42A2-A56A-E8E1F68CE1D6}.Debug|x86.Build.0 = Debug|Win32
		{20D860F8-5B19-42A2-A56A-E8E1F68CE1D6}.Release|x64.ActiveCfg = Release|x64
		{20D860F8-5B19-42A2-A56A-E8E1F68CE1D6}.Release|x64.Build.0 = Release|x64
		{20D860F8-5B19-42A2-A56A-E8E1F68CE1D6}.Release|x86.ActiveCfg = Release|Win32
		{20D860F8-5B19-42A2-A56A-E8E1F68CE1D6}.Release|x86.Build.0 = Release|Win32
		{93BD22DC-59B9-46EA-B68A-C8D02605677C}.Debug|x64.ActiveCfg = Debug|Win32
		{93BD22DC-59B9-46EA-B68A-C8D02605677C}.Debug|x86.ActiveCfg = Debug|Win32
		{93BD22DC-59B9-46EA-B68A-C8D02605677C}.Debug|x86.Build.0 = Debug|Win32
		{93BD22DC-59B9-46EA-B68A-C8D02605677C}.Release|x64.ActiveCfg = Release|Win32
		{93BD22DC-59B9-46EA-B68A-C8D02605677C}.Release|x86.ActiveCfg = Release|Win32
		{93BD22DC-59B9-46EA-B68A-C8D02605677C}.Release|x86.Build.0 = Release|Win32
		{7BA943F0-6B16-4D8B-B6BD-290272C44DAF}.Debug|x64.ActiveCfg = Debug|x64
		{7BA943F0-6B16-4D8B-B6BD-290272C44DAF}.Debug|x64.Build.0 = Debug|x64
		{7BA943F0-6B16-4D8B-B6BD-290272C44DAF}.Debug|x86.ActiveCfg = Debug|Win32
		{7BA943F0-6B16-4D8B-B6BD-290272C44DAF}.Debug|x86.Build.0 = Debug|Win32
		{7BA943F0-6B16-4D8B-B6BD-290272C44DAF}.Release|x64.ActiveCfg = Release|x64
		{7BA943F0-6B16-4D8B-B6BD-290272C44DAF}.Release|x64.Build.0 = Release|x64
		{7BA943F0-6B16-4D8B-B6BD-290272C44DAF}.Release|x86.ActiveCfg = Release|Win32
		{7BA943F0-6B16-4D8B-B6BD-290272C44DAF}.Release|x86.Build.0 = Release|Win32
		{3002EF19-8FD1-4552-B8E1-F94D7E4C3827}.Debug|x64.ActiveCfg = Debug|x64
		{3002EF19-8FD1-4552-B8E1-F94D7E4C3827}.Debug|x64.Build.0 = Debug|x64
		{3002EF19-8FD1-4552-B8E1-F94D7E4C3827}.Debug|x86.ActiveCfg = Debug|Win32
		{3002EF19-8FD1-4552-B8E1-F94D7E4C3827}.Debug|x86.Build.0 = Debug|Win32
		{3002EF19-8FD1-4552-B8E1-F94D7E4C3827}.Release|x64.ActiveCfg = Release|x64
		{3002EF19-8FD1-4552-B8E1-F94D7E4C3827}.Release|x64.Build.0 = Release|x64
		{3002EF19-8FD1-4552-B8E1-F94D7E4C3827}.Release|x86.ActiveCfg = Release|Win32
		{3002EF19-8FD1-4552-B8E1-F94D7E4C3827}.Release|x86.Build.0 = Release|Win32
		{C5F80730-F44F-4478-BDAE-6634EFC2CA88}.Debug|x64.ActiveCfg = Debug|Win32
		{C5F80730-F44F-4478-BDAE-6634EFC2CA88}.Debug|x86.ActiveCfg = Debug|Win32
		{C5F80730-F44F-4478-BDAE-6634EFC2CA88}.Debug|x86.Build.0 = Debug|Win32
		{C5F80730-F44F-4478-BDAE-6634EFC2CA88}.Release|x64.ActiveCfg = Release|Win32
		{C5F80730-F44F-4478-BDAE-6634EFC2CA88}.Release|x86.ActiveCfg = Release|Win32
		{C5F80730-F44F-4478-BDAE-6634EFC2CA88}.Release|x86.Build.0 = Release|Win32
		{54F8EC25-4568-433F-B039-BDA750E4F0C4}.Debug|x64.ActiveCfg = Debug|Win32
		{54F8EC25-4568-433F-B039-BDA750E4F0C4}.Debug|x86.ActiveCfg = Debug|Win32
		{54F8EC25-4568-433F-B039-BDA750E4F0C4}.Debug|x86.Build.0 = Debug|Win32
		{54F8EC25-4568-433F-B039-BDA750E4F0C4}.Release|x64.ActiveCfg = Release|Win32
		{54F8EC25-4568-433F-B039-BDA750E4F0C4}.Release|x86.ActiveCfg = Release|Win32
		{54F8EC25-4568-433F-B039-BDA750E4F0C4}.Release|x86.Build.0 = Release|Win32
		{0E50F26C-CA90-4021-A311-1E91D848AF80}.Debug|x64.ActiveCfg = Debug|Win32
		{0E50F26C-CA90-4021-A311-1E91D848AF80}.Debug|x86.ActiveCfg = Debug|Win32
		{0E50F26C-CA90-4021-A311-1E91D848AF80}.Debug|x86.Build.0 = Debug|Win32
		{0E50F26C-CA90-4021-A311-1E91D848AF80}.Release|x64.ActiveCfg = Release|Win32
		{0E50F26C-CA90-4021-A311-1E91D848AF80}.Release|x86.ActiveCfg = Release|Win32
		{0E50F26C-CA90-4021-A311-1E91D848AF80}.Release|x86.Build.0 = Release|Win32
	EndGlobalSection
	GlobalSection(SolutionProperties) = preSolution
		HideSolutionNode = FALSE
	EndGlobalSection
EndGlobal
